
Microsoft Visual Studio Solution File, Format Version 12.00
# Visual Studio Version 16
VisualStudioVersion = 16.0.29613.14
MinimumVisualStudioVersion = 10.0.40219.1
Project("{FAE04EC0-301F-11D3-BF4B-00C04F79EFBC}") = "LibWildTangent", "LibWildTangent\LibWildTangent.csproj", "{6E3F44F2-FE9C-4FA6-A954-21F4AE5A0A9B}"
EndProject
Project("{FAE04EC0-301F-11D3-BF4B-00C04F79EFBC}") = "WildTangentConverter", "WildTangentConverter\WildTangentConverter.csproj", "{FC0452C6-5ED0-46C3-9545-6596238AE34E}"
EndProject
Global
	GlobalSection(SolutionConfigurationPlatforms) = preSolution
		Debug|Any CPU = Debug|Any CPU
		Release|Any CPU = Release|Any CPU
	EndGlobalSection
	GlobalSection(ProjectConfigurationPlatforms) = postSolution
		{6E3F44F2-FE9C-4FA6-A954-21F4AE5A0A9B}.Debug|Any CPU.ActiveCfg = Debug|Any CPU
		{6E3F44F2-FE9C-4FA6-A954-21F4AE5A0A9B}.Debug|Any CPU.Build.0 = Debug|Any CPU
		{6E3F44F2-FE9C-4FA6-A954-21F4AE5A0A9B}.Release|Any CPU.ActiveCfg = Release|Any CPU
		{6E3F44F2-FE9C-4FA6-A954-21F4AE5A0A9B}.Release|Any CPU.Build.0 = Release|Any CPU
		{FC0452C6-5ED0-46C3-9545-6596238AE34E}.Debug|Any CPU.ActiveCfg = Debug|Any CPU
		{FC0452C6-5ED0-46C3-9545-6596238AE34E}.Debug|Any CPU.Build.0 = Debug|Any CPU
		{FC0452C6-5ED0-46C3-9545-6596238AE34E}.Release|Any CPU.ActiveCfg = Release|Any CPU
		{FC0452C6-5ED0-46C3-9545-6596238AE34E}.Release|Any CPU.Build.0 = Release|Any CPU
	EndGlobalSection
	GlobalSection(SolutionProperties) = preSolution
		HideSolutionNode = FALSE
	EndGlobalSection
	GlobalSection(ExtensibilityGlobals) = postSolution
		SolutionGuid = {C716639F-548F-434B-8C97-6DF2F21146A5}
	EndGlobalSection
EndGlobal
